// !$*UTF8*$!
{
	archiveVersion = 1;
	classes = {
	};
	objectVersion = 56;
	objects = {

/* Begin PBXBuildFile section */
		CA3C4F1E29CA58B500CCDF20 /* CreateProfileTextfieldStyle.swift in Sources */ = {isa = PBXBuildFile; fileRef = CA3C4F1D29CA58B400CCDF20 /* CreateProfileTextfieldStyle.swift */; };
		CA3C4F2129CA5AC200CCDF20 /* OnboardingStyleButton.swift in Sources */ = {isa = PBXBuildFile; fileRef = CA3C4F2029CA5AC200CCDF20 /* OnboardingStyleButton.swift */; };
		CA3C4F2429CA5CFF00CCDF20 /* TextHelper.swift in Sources */ = {isa = PBXBuildFile; fileRef = CA3C4F2329CA5CFF00CCDF20 /* TextHelper.swift */; };
		CA3C4F2629CA5E1100CCDF20 /* VerificationView.swift in Sources */ = {isa = PBXBuildFile; fileRef = CA3C4F2529CA5E1100CCDF20 /* VerificationView.swift */; };
		CA3C4F2829CA5E3400CCDF20 /* CreateProfileView.swift in Sources */ = {isa = PBXBuildFile; fileRef = CA3C4F2729CA5E3400CCDF20 /* CreateProfileView.swift */; };
		CA3C4F2A29CA5E4300CCDF20 /* ImagePicker representable code snipet.swift in Sources */ = {isa = PBXBuildFile; fileRef = CA3C4F2929CA5E4300CCDF20 /* ImagePicker representable code snipet.swift */; };
		CA3C4F2C29CA5FB800CCDF20 /* AllSetView .swift in Sources */ = {isa = PBXBuildFile; fileRef = CA3C4F2B29CA5FB800CCDF20 /* AllSetView .swift */; };
		CA3C4F2E29CA983000CCDF20 /* AppDelegate.swift in Sources */ = {isa = PBXBuildFile; fileRef = CA3C4F2D29CA983000CCDF20 /* AppDelegate.swift */; };
		CA3C4F3129CA991500CCDF20 /* FirebaseFirestoreSwift in Frameworks */ = {isa = PBXBuildFile; productRef = CA3C4F3029CA991500CCDF20 /* FirebaseFirestoreSwift */; };
		CA3C4F3329CAA39B00CCDF20 /* RegistrationContainerView.swift in Sources */ = {isa = PBXBuildFile; fileRef = CA3C4F3229CAA39B00CCDF20 /* RegistrationContainerView.swift */; };
		CA3C4F3629CB68DF00CCDF20 /* DatabaseService.swift in Sources */ = {isa = PBXBuildFile; fileRef = CA3C4F3529CB68DF00CCDF20 /* DatabaseService.swift */; };
		CA3C4F3829CB725D00CCDF20 /* User.swift in Sources */ = {isa = PBXBuildFile; fileRef = CA3C4F3729CB725C00CCDF20 /* User.swift */; };
		CA3C4F3A29CB7CC500CCDF20 /* ViewModel.swift in Sources */ = {isa = PBXBuildFile; fileRef = CA3C4F3929CB7CC500CCDF20 /* ViewModel.swift */; };
		CA3C4F3C29CBB84600CCDF20 /* RootContainer.swift in Sources */ = {isa = PBXBuildFile; fileRef = CA3C4F3B29CBB84600CCDF20 /* RootContainer.swift */; };
		CA3C4F4029CBF20700CCDF20 /* GoogleService-Info.plist in Resources */ = {isa = PBXBuildFile; fileRef = CA3C4F3F29CBF20700CCDF20 /* GoogleService-Info.plist */; };
		CA4784A529C2488800FDF4F1 /* AuthViewModel.swift in Sources */ = {isa = PBXBuildFile; fileRef = CA4784A429C2488800FDF4F1 /* AuthViewModel.swift */; };
		CACA683D298B071E00611D89 /* TheJanitorial1App.swift in Sources */ = {isa = PBXBuildFile; fileRef = CACA683C298B071E00611D89 /* TheJanitorial1App.swift */; };
		CACA683F298B071E00611D89 /* PhoneNumberScreen.swift in Sources */ = {isa = PBXBuildFile; fileRef = CACA683E298B071E00611D89 /* PhoneNumberScreen.swift */; };
		CACA6841298B072000611D89 /* Assets.xcassets in Resources */ = {isa = PBXBuildFile; fileRef = CACA6840298B072000611D89 /* Assets.xcassets */; };
		CACA6844298B072000611D89 /* Preview Assets.xcassets in Resources */ = {isa = PBXBuildFile; fileRef = CACA6843298B072000611D89 /* Preview Assets.xcassets */; };
		CACA684F298B08A100611D89 /* FirebaseAuth in Frameworks */ = {isa = PBXBuildFile; productRef = CACA684E298B08A100611D89 /* FirebaseAuth */; };
		CACA6851298B08A100611D89 /* FirebaseDatabase in Frameworks */ = {isa = PBXBuildFile; productRef = CACA6850298B08A100611D89 /* FirebaseDatabase */; };
		CACA6853298B08A100611D89 /* FirebaseFirestore in Frameworks */ = {isa = PBXBuildFile; productRef = CACA6852298B08A100611D89 /* FirebaseFirestore */; };
		CACA6855298B08A100611D89 /* FirebaseStorage in Frameworks */ = {isa = PBXBuildFile; productRef = CACA6854298B08A100611D89 /* FirebaseStorage */; };
		CACA6857298B08EA00611D89 /* LoginScreen.swift in Sources */ = {isa = PBXBuildFile; fileRef = CACA6856298B08EA00611D89 /* LoginScreen.swift */; };
		CACA6859298B09A800611D89 /* TaskListScreen.swift in Sources */ = {isa = PBXBuildFile; fileRef = CACA6858298B09A800611D89 /* TaskListScreen.swift */; };
		CACA685B298B09C100611D89 /* AddTaskScreen.swift in Sources */ = {isa = PBXBuildFile; fileRef = CACA685A298B09C100611D89 /* AddTaskScreen.swift */; };
/* End PBXBuildFile section */

/* Begin PBXFileReference section */
		CA3C4F1D29CA58B400CCDF20 /* CreateProfileTextfieldStyle.swift */ = {isa = PBXFileReference; lastKnownFileType = sourcecode.swift; path = CreateProfileTextfieldStyle.swift; sourceTree = "<group>"; };
		CA3C4F2029CA5AC200CCDF20 /* OnboardingStyleButton.swift */ = {isa = PBXFileReference; lastKnownFileType = sourcecode.swift; path = OnboardingStyleButton.swift; sourceTree = "<group>"; };
		CA3C4F2329CA5CFF00CCDF20 /* TextHelper.swift */ = {isa = PBXFileReference; fileEncoding = 4; lastKnownFileType = sourcecode.swift; path = TextHelper.swift; sourceTree = "<group>"; };
		CA3C4F2529CA5E1100CCDF20 /* VerificationView.swift */ = {isa = PBXFileReference; fileEncoding = 4; lastKnownFileType = sourcecode.swift; path = VerificationView.swift; sourceTree = "<group>"; };
		CA3C4F2729CA5E3400CCDF20 /* CreateProfileView.swift */ = {isa = PBXFileReference; fileEncoding = 4; lastKnownFileType = sourcecode.swift; path = CreateProfileView.swift; sourceTree = "<group>"; };
		CA3C4F2929CA5E4300CCDF20 /* ImagePicker representable code snipet.swift */ = {isa = PBXFileReference; fileEncoding = 4; lastKnownFileType = sourcecode.swift; path = "ImagePicker representable code snipet.swift"; sourceTree = "<group>"; };
		CA3C4F2B29CA5FB800CCDF20 /* AllSetView .swift */ = {isa = PBXFileReference; fileEncoding = 4; lastKnownFileType = sourcecode.swift; path = "AllSetView .swift"; sourceTree = "<group>"; };
		CA3C4F2D29CA983000CCDF20 /* AppDelegate.swift */ = {isa = PBXFileReference; lastKnownFileType = sourcecode.swift; path = AppDelegate.swift; sourceTree = "<group>"; };
		CA3C4F3229CAA39B00CCDF20 /* RegistrationContainerView.swift */ = {isa = PBXFileReference; lastKnownFileType = sourcecode.swift; path = RegistrationContainerView.swift; sourceTree = "<group>"; };
		CA3C4F3529CB68DF00CCDF20 /* DatabaseService.swift */ = {isa = PBXFileReference; lastKnownFileType = sourcecode.swift; path = DatabaseService.swift; sourceTree = "<group>"; };
		CA3C4F3729CB725C00CCDF20 /* User.swift */ = {isa = PBXFileReference; fileEncoding = 4; lastKnownFileType = sourcecode.swift; path = User.swift; sourceTree = "<group>"; };
		CA3C4F3929CB7CC500CCDF20 /* ViewModel.swift */ = {isa = PBXFileReference; lastKnownFileType = sourcecode.swift; path = ViewModel.swift; sourceTree = "<group>"; };
		CA3C4F3B29CBB84600CCDF20 /* RootContainer.swift */ = {isa = PBXFileReference; lastKnownFileType = sourcecode.swift; path = RootContainer.swift; sourceTree = "<group>"; };
		CA3C4F3F29CBF20700CCDF20 /* GoogleService-Info.plist */ = {isa = PBXFileReference; lastKnownFileType = text.plist; path = "GoogleService-Info.plist"; sourceTree = SOURCE_ROOT; };
		CA4784A229C2471B00FDF4F1 /* TheJanitorial1.entitlements */ = {isa = PBXFileReference; lastKnownFileType = text.plist.entitlements; path = TheJanitorial1.entitlements; sourceTree = "<group>"; };
		CA4784A329C2481E00FDF4F1 /* Info.plist */ = {isa = PBXFileReference; lastKnownFileType = text.plist; path = Info.plist; sourceTree = "<group>"; };
		CA4784A429C2488800FDF4F1 /* AuthViewModel.swift */ = {isa = PBXFileReference; lastKnownFileType = sourcecode.swift; path = AuthViewModel.swift; sourceTree = "<group>"; };
		CACA6839298B071E00611D89 /* TheJanitorial1.app */ = {isa = PBXFileReference; explicitFileType = wrapper.application; includeInIndex = 0; path = TheJanitorial1.app; sourceTree = BUILT_PRODUCTS_DIR; };
		CACA683C298B071E00611D89 /* TheJanitorial1App.swift */ = {isa = PBXFileReference; lastKnownFileType = sourcecode.swift; path = TheJanitorial1App.swift; sourceTree = "<group>"; };
		CACA683E298B071E00611D89 /* PhoneNumberScreen.swift */ = {isa = PBXFileReference; lastKnownFileType = sourcecode.swift; path = PhoneNumberScreen.swift; sourceTree = "<group>"; };
		CACA6840298B072000611D89 /* Assets.xcassets */ = {isa = PBXFileReference; lastKnownFileType = folder.assetcatalog; path = Assets.xcassets; sourceTree = "<group>"; };
		CACA6843298B072000611D89 /* Preview Assets.xcassets */ = {isa = PBXFileReference; lastKnownFileType = folder.assetcatalog; path = "Preview Assets.xcassets"; sourceTree = "<group>"; };
		CACA6856298B08EA00611D89 /* LoginScreen.swift */ = {isa = PBXFileReference; lastKnownFileType = sourcecode.swift; path = LoginScreen.swift; sourceTree = "<group>"; };
		CACA6858298B09A800611D89 /* TaskListScreen.swift */ = {isa = PBXFileReference; lastKnownFileType = sourcecode.swift; path = TaskListScreen.swift; sourceTree = "<group>"; };
		CACA685A298B09C100611D89 /* AddTaskScreen.swift */ = {isa = PBXFileReference; lastKnownFileType = sourcecode.swift; path = AddTaskScreen.swift; sourceTree = "<group>"; };
/* End PBXFileReference section */

/* Begin PBXFrameworksBuildPhase section */
		CACA6836298B071E00611D89 /* Frameworks */ = {
			isa = PBXFrameworksBuildPhase;
			buildActionMask = 2147483647;
			files = (
				CA3C4F3129CA991500CCDF20 /* FirebaseFirestoreSwift in Frameworks */,
				CACA6851298B08A100611D89 /* FirebaseDatabase in Frameworks */,
				CACA6855298B08A100611D89 /* FirebaseStorage in Frameworks */,
				CACA684F298B08A100611D89 /* FirebaseAuth in Frameworks */,
				CACA6853298B08A100611D89 /* FirebaseFirestore in Frameworks */,
			);
			runOnlyForDeploymentPostprocessing = 0;
		};
/* End PBXFrameworksBuildPhase section */

/* Begin PBXGroup section */
		CA3C4F1C29CA58A400CCDF20 /* Helpers */ = {
			isa = PBXGroup;
			children = (
				CA3C4F2929CA5E4300CCDF20 /* ImagePicker representable code snipet.swift */,
				CA3C4F1D29CA58B400CCDF20 /* CreateProfileTextfieldStyle.swift */,
				CA3C4F2029CA5AC200CCDF20 /* OnboardingStyleButton.swift */,
				CA3C4F2329CA5CFF00CCDF20 /* TextHelper.swift */,
			);
			path = Helpers;
			sourceTree = "<group>";
		};
		CA3C4F1F29CA58C500CCDF20 /* Crap */ = {
			isa = PBXGroup;
			children = (
				CACA683C298B071E00611D89 /* TheJanitorial1App.swift */,
				CA3C4F2D29CA983000CCDF20 /* AppDelegate.swift */,
				CACA6840298B072000611D89 /* Assets.xcassets */,
			);
			path = Crap;
			sourceTree = "<group>";
		};
		CA3C4F2229CA5C7800CCDF20 /* Registration Screens */ = {
			isa = PBXGroup;
			children = (
				CACA6856298B08EA00611D89 /* LoginScreen.swift */,
				CA3C4F3229CAA39B00CCDF20 /* RegistrationContainerView.swift */,
				CACA683E298B071E00611D89 /* PhoneNumberScreen.swift */,
				CA3C4F2529CA5E1100CCDF20 /* VerificationView.swift */,
				CA3C4F2729CA5E3400CCDF20 /* CreateProfileView.swift */,
				CA3C4F2B29CA5FB800CCDF20 /* AllSetView .swift */,
			);
			path = "Registration Screens";
			sourceTree = "<group>";
		};
		CA3C4F2F29CA991500CCDF20 /* Frameworks */ = {
			isa = PBXGroup;
			children = (
			);
			name = Frameworks;
			sourceTree = "<group>";
		};
		CA3C4F3429CB68C100CCDF20 /* Services */ = {
			isa = PBXGroup;
			children = (
				CA3C4F3529CB68DF00CCDF20 /* DatabaseService.swift */,
			);
			path = Services;
			sourceTree = "<group>";
		};
		CACA6830298B071E00611D89 = {
			isa = PBXGroup;
			children = (
				CACA683B298B071E00611D89 /* TheJanitorial1 */,
				CACA683A298B071E00611D89 /* Products */,
				CA3C4F2F29CA991500CCDF20 /* Frameworks */,
			);
			sourceTree = "<group>";
		};
		CACA683A298B071E00611D89 /* Products */ = {
			isa = PBXGroup;
			children = (
				CACA6839298B071E00611D89 /* TheJanitorial1.app */,
			);
			name = Products;
			sourceTree = "<group>";
		};
		CACA683B298B071E00611D89 /* TheJanitorial1 */ = {
			isa = PBXGroup;
			children = (
				CACA684A298B074700611D89 /* Screens */,
				CACA684B298B075700611D89 /* ViewModels */,
				CA3C4F1C29CA58A400CCDF20 /* Helpers */,
				CACA684C298B076B00611D89 /* Models */,
				CA3C4F3429CB68C100CCDF20 /* Services */,
				CA3C4F1F29CA58C500CCDF20 /* Crap */,
				CA4784A329C2481E00FDF4F1 /* Info.plist */,
				CA3C4F3F29CBF20700CCDF20 /* GoogleService-Info.plist */,
				CA4784A229C2471B00FDF4F1 /* TheJanitorial1.entitlements */,
				CACA6842298B072000611D89 /* Preview Content */,
			);
			path = TheJanitorial1;
			sourceTree = "<group>";
		};
		CACA6842298B072000611D89 /* Preview Content */ = {
			isa = PBXGroup;
			children = (
				CACA6843298B072000611D89 /* Preview Assets.xcassets */,
			);
			path = "Preview Content";
			sourceTree = "<group>";
		};
		CACA684A298B074700611D89 /* Screens */ = {
			isa = PBXGroup;
			children = (
				CA3C4F3B29CBB84600CCDF20 /* RootContainer.swift */,
				CACA6858298B09A800611D89 /* TaskListScreen.swift */,
				CACA685A298B09C100611D89 /* AddTaskScreen.swift */,
				CA3C4F2229CA5C7800CCDF20 /* Registration Screens */,
			);
			path = Screens;
			sourceTree = "<group>";
		};
		CACA684B298B075700611D89 /* ViewModels */ = {
			isa = PBXGroup;
			children = (
				CA4784A429C2488800FDF4F1 /* AuthViewModel.swift */,
				CA3C4F3929CB7CC500CCDF20 /* ViewModel.swift */,
			);
			path = ViewModels;
			sourceTree = "<group>";
		};
		CACA684C298B076B00611D89 /* Models */ = {
			isa = PBXGroup;
			children = (
				CA3C4F3729CB725C00CCDF20 /* User.swift */,
			);
			path = Models;
			sourceTree = "<group>";
		};
/* End PBXGroup section */

/* Begin PBXNativeTarget section */
		CACA6838298B071E00611D89 /* TheJanitorial1 */ = {
			isa = PBXNativeTarget;
			buildConfigurationList = CACA6847298B072000611D89 /* Build configuration list for PBXNativeTarget "TheJanitorial1" */;
			buildPhases = (
				CACA6835298B071E00611D89 /* Sources */,
				CACA6836298B071E00611D89 /* Frameworks */,
				CACA6837298B071E00611D89 /* Resources */,
			);
			buildRules = (
			);
			dependencies = (
			);
			name = TheJanitorial1;
			packageProductDependencies = (
				CACA684E298B08A100611D89 /* FirebaseAuth */,
				CACA6850298B08A100611D89 /* FirebaseDatabase */,
				CACA6852298B08A100611D89 /* FirebaseFirestore */,
				CACA6854298B08A100611D89 /* FirebaseStorage */,
				CA3C4F3029CA991500CCDF20 /* FirebaseFirestoreSwift */,
			);
			productName = TheJanitorial1;
			productReference = CACA6839298B071E00611D89 /* TheJanitorial1.app */;
			productType = "com.apple.product-type.application";
		};
/* End PBXNativeTarget section */

/* Begin PBXProject section */
		CACA6831298B071E00611D89 /* Project object */ = {
			isa = PBXProject;
			attributes = {
				BuildIndependentTargetsInParallel = 1;
				LastSwiftUpdateCheck = 1420;
				LastUpgradeCheck = 1420;
				TargetAttributes = {
					CACA6838298B071E00611D89 = {
						CreatedOnToolsVersion = 14.2;
					};
				};
			};
			buildConfigurationList = CACA6834298B071E00611D89 /* Build configuration list for PBXProject "TheJanitorial1" */;
			compatibilityVersion = "Xcode 14.0";
			developmentRegion = en;
			hasScannedForEncodings = 0;
			knownRegions = (
				en,
				Base,
			);
			mainGroup = CACA6830298B071E00611D89;
			packageReferences = (
				CACA684D298B08A100611D89 /* XCRemoteSwiftPackageReference "firebase-ios-sdk" */,
			);
			productRefGroup = CACA683A298B071E00611D89 /* Products */;
			projectDirPath = "";
			projectRoot = "";
			targets = (
				CACA6838298B071E00611D89 /* TheJanitorial1 */,
			);
		};
/* End PBXProject section */

/* Begin PBXResourcesBuildPhase section */
		CACA6837298B071E00611D89 /* Resources */ = {
			isa = PBXResourcesBuildPhase;
			buildActionMask = 2147483647;
			files = (
				CACA6844298B072000611D89 /* Preview Assets.xcassets in Resources */,
				CACA6841298B072000611D89 /* Assets.xcassets in Resources */,
				CA3C4F4029CBF20700CCDF20 /* GoogleService-Info.plist in Resources */,
			);
			runOnlyForDeploymentPostprocessing = 0;
		};
/* End PBXResourcesBuildPhase section */

/* Begin PBXSourcesBuildPhase section */
		CACA6835298B071E00611D89 /* Sources */ = {
			isa = PBXSourcesBuildPhase;
			buildActionMask = 2147483647;
			files = (
				CA3C4F2C29CA5FB800CCDF20 /* AllSetView .swift in Sources */,
				CACA6859298B09A800611D89 /* TaskListScreen.swift in Sources */,
				CA3C4F2A29CA5E4300CCDF20 /* ImagePicker representable code snipet.swift in Sources */,
				CACA685B298B09C100611D89 /* AddTaskScreen.swift in Sources */,
				CA3C4F3C29CBB84600CCDF20 /* RootContainer.swift in Sources */,
				CA3C4F2E29CA983000CCDF20 /* AppDelegate.swift in Sources */,
				CA3C4F2829CA5E3400CCDF20 /* CreateProfileView.swift in Sources */,
				CA3C4F3629CB68DF00CCDF20 /* DatabaseService.swift in Sources */,
				CA3C4F3829CB725D00CCDF20 /* User.swift in Sources */,
				CA3C4F1E29CA58B500CCDF20 /* CreateProfileTextfieldStyle.swift in Sources */,
				CA3C4F3329CAA39B00CCDF20 /* RegistrationContainerView.swift in Sources */,
				CA3C4F3A29CB7CC500CCDF20 /* ViewModel.swift in Sources */,
				CA4784A529C2488800FDF4F1 /* AuthViewModel.swift in Sources */,
				CA3C4F2429CA5CFF00CCDF20 /* TextHelper.swift in Sources */,
				CA3C4F2629CA5E1100CCDF20 /* VerificationView.swift in Sources */,
				CACA683F298B071E00611D89 /* PhoneNumberScreen.swift in Sources */,
				CACA683D298B071E00611D89 /* TheJanitorial1App.swift in Sources */,
				CA3C4F2129CA5AC200CCDF20 /* OnboardingStyleButton.swift in Sources */,
				CACA6857298B08EA00611D89 /* LoginScreen.swift in Sources */,
			);
			runOnlyForDeploymentPostprocessing = 0;
		};
/* End PBXSourcesBuildPhase section */

/* Begin XCBuildConfiguration section */
		CACA6845298B072000611D89 /* Debug */ = {
			isa = XCBuildConfiguration;
			buildSettings = {
				ALWAYS_SEARCH_USER_PATHS = NO;
				CLANG_ANALYZER_NONNULL = YES;
				CLANG_ANALYZER_NUMBER_OBJECT_CONVERSION = YES_AGGRESSIVE;
				CLANG_CXX_LANGUAGE_STANDARD = "gnu++20";
				CLANG_ENABLE_MODULES = YES;
				CLANG_ENABLE_OBJC_ARC = YES;
				CLANG_ENABLE_OBJC_WEAK = YES;
				CLANG_WARN_BLOCK_CAPTURE_AUTORELEASING = YES;
				CLANG_WARN_BOOL_CONVERSION = YES;
				CLANG_WARN_COMMA = YES;
				CLANG_WARN_CONSTANT_CONVERSION = YES;
				CLANG_WARN_DEPRECATED_OBJC_IMPLEMENTATIONS = YES;
				CLANG_WARN_DIRECT_OBJC_ISA_USAGE = YES_ERROR;
				CLANG_WARN_DOCUMENTATION_COMMENTS = YES;
				CLANG_WARN_EMPTY_BODY = YES;
				CLANG_WARN_ENUM_CONVERSION = YES;
				CLANG_WARN_INFINITE_RECURSION = YES;
				CLANG_WARN_INT_CONVERSION = YES;
				CLANG_WARN_NON_LITERAL_NULL_CONVERSION = YES;
				CLANG_WARN_OBJC_IMPLICIT_RETAIN_SELF = YES;
				CLANG_WARN_OBJC_LITERAL_CONVERSION = YES;
				CLANG_WARN_OBJC_ROOT_CLASS = YES_ERROR;
				CLANG_WARN_QUOTED_INCLUDE_IN_FRAMEWORK_HEADER = YES;
				CLANG_WARN_RANGE_LOOP_ANALYSIS = YES;
				CLANG_WARN_STRICT_PROTOTYPES = YES;
				CLANG_WARN_SUSPICIOUS_MOVE = YES;
				CLANG_WARN_UNGUARDED_AVAILABILITY = YES_AGGRESSIVE;
				CLANG_WARN_UNREACHABLE_CODE = YES;
				CLANG_WARN__DUPLICATE_METHOD_MATCH = YES;
				COPY_PHASE_STRIP = NO;
				DEBUG_INFORMATION_FORMAT = dwarf;
				ENABLE_STRICT_OBJC_MSGSEND = YES;
				ENABLE_TESTABILITY = YES;
				GCC_C_LANGUAGE_STANDARD = gnu11;
				GCC_DYNAMIC_NO_PIC = NO;
				GCC_NO_COMMON_BLOCKS = YES;
				GCC_OPTIMIZATION_LEVEL = 0;
				GCC_PREPROCESSOR_DEFINITIONS = (
					"DEBUG=1",
					"$(inherited)",
				);
				GCC_WARN_64_TO_32_BIT_CONVERSION = YES;
				GCC_WARN_ABOUT_RETURN_TYPE = YES_ERROR;
				GCC_WARN_UNDECLARED_SELECTOR = YES;
				GCC_WARN_UNINITIALIZED_AUTOS = YES_AGGRESSIVE;
				GCC_WARN_UNUSED_FUNCTION = YES;
				GCC_WARN_UNUSED_VARIABLE = YES;
				IPHONEOS_DEPLOYMENT_TARGET = 16.2;
				MTL_ENABLE_DEBUG_INFO = INCLUDE_SOURCE;
				MTL_FAST_MATH = YES;
				ONLY_ACTIVE_ARCH = YES;
				SDKROOT = iphoneos;
				SWIFT_ACTIVE_COMPILATION_CONDITIONS = DEBUG;
				SWIFT_OPTIMIZATION_LEVEL = "-Onone";
			};
			name = Debug;
		};
		CACA6846298B072000611D89 /* Release */ = {
			isa = XCBuildConfiguration;
			buildSettings = {
				ALWAYS_SEARCH_USER_PATHS = NO;
				CLANG_ANALYZER_NONNULL = YES;
				CLANG_ANALYZER_NUMBER_OBJECT_CONVERSION = YES_AGGRESSIVE;
				CLANG_CXX_LANGUAGE_STANDARD = "gnu++20";
				CLANG_ENABLE_MODULES = YES;
				CLANG_ENABLE_OBJC_ARC = YES;
				CLANG_ENABLE_OBJC_WEAK = YES;
				CLANG_WARN_BLOCK_CAPTURE_AUTORELEASING = YES;
				CLANG_WARN_BOOL_CONVERSION = YES;
				CLANG_WARN_COMMA = YES;
				CLANG_WARN_CONSTANT_CONVERSION = YES;
				CLANG_WARN_DEPRECATED_OBJC_IMPLEMENTATIONS = YES;
				CLANG_WARN_DIRECT_OBJC_ISA_USAGE = YES_ERROR;
				CLANG_WARN_DOCUMENTATION_COMMENTS = YES;
				CLANG_WARN_EMPTY_BODY = YES;
				CLANG_WARN_ENUM_CONVERSION = YES;
				CLANG_WARN_INFINITE_RECURSION = YES;
				CLANG_WARN_INT_CONVERSION = YES;
				CLANG_WARN_NON_LITERAL_NULL_CONVERSION = YES;
				CLANG_WARN_OBJC_IMPLICIT_RETAIN_SELF = YES;
				CLANG_WARN_OBJC_LITERAL_CONVERSION = YES;
				CLANG_WARN_OBJC_ROOT_CLASS = YES_ERROR;
				CLANG_WARN_QUOTED_INCLUDE_IN_FRAMEWORK_HEADER = YES;
				CLANG_WARN_RANGE_LOOP_ANALYSIS = YES;
				CLANG_WARN_STRICT_PROTOTYPES = YES;
				CLANG_WARN_SUSPICIOUS_MOVE = YES;
				CLANG_WARN_UNGUARDED_AVAILABILITY = YES_AGGRESSIVE;
				CLANG_WARN_UNREACHABLE_CODE = YES;
				CLANG_WARN__DUPLICATE_METHOD_MATCH = YES;
				COPY_PHASE_STRIP = NO;
				DEBUG_INFORMATION_FORMAT = "dwarf-with-dsym";
				ENABLE_NS_ASSERTIONS = NO;
				ENABLE_STRICT_OBJC_MSGSEND = YES;
				GCC_C_LANGUAGE_STANDARD = gnu11;
				GCC_NO_COMMON_BLOCKS = YES;
				GCC_WARN_64_TO_32_BIT_CONVERSION = YES;
				GCC_WARN_ABOUT_RETURN_TYPE = YES_ERROR;
				GCC_WARN_UNDECLARED_SELECTOR = YES;
				GCC_WARN_UNINITIALIZED_AUTOS = YES_AGGRESSIVE;
				GCC_WARN_UNUSED_FUNCTION = YES;
				GCC_WARN_UNUSED_VARIABLE = YES;
				IPHONEOS_DEPLOYMENT_TARGET = 16.2;
				MTL_ENABLE_DEBUG_INFO = NO;
				MTL_FAST_MATH = YES;
				SDKROOT = iphoneos;
				SWIFT_COMPILATION_MODE = wholemodule;
				SWIFT_OPTIMIZATION_LEVEL = "-O";
				VALIDATE_PRODUCT = YES;
			};
			name = Release;
		};
		CACA6848298B072000611D89 /* Debug */ = {
			isa = XCBuildConfiguration;
			buildSettings = {
				ASSETCATALOG_COMPILER_APPICON_NAME = AppIcon;
				ASSETCATALOG_COMPILER_GLOBAL_ACCENT_COLOR_NAME = AccentColor;
				CODE_SIGN_ENTITLEMENTS = TheJanitorial1/TheJanitorial1.entitlements;
				CODE_SIGN_STYLE = Automatic;
				CURRENT_PROJECT_VERSION = 1;
				DEVELOPMENT_ASSET_PATHS = "\"TheJanitorial1/Preview Content\"";
				DEVELOPMENT_TEAM = 9U8MS35934;
				ENABLE_PREVIEWS = YES;
				GENERATE_INFOPLIST_FILE = YES;
				INFOPLIST_FILE = TheJanitorial1/Info.plist;
				INFOPLIST_KEY_LSApplicationCategoryType = "";
				INFOPLIST_KEY_UIApplicationSceneManifest_Generation = YES;
				INFOPLIST_KEY_UIApplicationSupportsIndirectInputEvents = YES;
				INFOPLIST_KEY_UILaunchScreen_Generation = YES;
				INFOPLIST_KEY_UISupportedInterfaceOrientations = UIInterfaceOrientationPortrait;
				LD_RUNPATH_SEARCH_PATHS = (
					"$(inherited)",
					"@executable_path/Frameworks",
				);
				MARKETING_VERSION = 1.0;
				PRODUCT_BUNDLE_IDENTIFIER = com.nan.TheJanitorial1;
				PRODUCT_NAME = "$(TARGET_NAME)";
				SUPPORTED_PLATFORMS = "iphoneos iphonesimulator macosx";
				SUPPORTS_MACCATALYST = NO;
				SUPPORTS_MAC_DESIGNED_FOR_IPHONE_IPAD = YES;
				SWIFT_EMIT_LOC_STRINGS = YES;
				SWIFT_VERSION = 5.0;
				TARGETED_DEVICE_FAMILY = "1,2";
			};
			name = Debug;
		};
		CACA6849298B072000611D89 /* Release */ = {
			isa = XCBuildConfiguration;
			buildSettings = {
				ASSETCATALOG_COMPILER_APPICON_NAME = AppIcon;
				ASSETCATALOG_COMPILER_GLOBAL_ACCENT_COLOR_NAME = AccentColor;
				CODE_SIGN_ENTITLEMENTS = TheJanitorial1/TheJanitorial1.entitlements;
				CODE_SIGN_STYLE = Automatic;
				CURRENT_PROJECT_VERSION = 1;
				DEVELOPMENT_ASSET_PATHS = "\"TheJanitorial1/Preview Content\"";
				DEVELOPMENT_TEAM = 9U8MS35934;
				ENABLE_PREVIEWS = YES;
				GENERATE_INFOPLIST_FILE = YES;
				INFOPLIST_FILE = TheJanitorial1/Info.plist;
				INFOPLIST_KEY_LSApplicationCategoryType = "";
				INFOPLIST_KEY_UIApplicationSceneManifest_Generation = YES;
				INFOPLIST_KEY_UIApplicationSupportsIndirectInputEvents = YES;
				INFOPLIST_KEY_UILaunchScreen_Generation = YES;
				INFOPLIST_KEY_UISupportedInterfaceOrientations = UIInterfaceOrientationPortrait;
				LD_RUNPATH_SEARCH_PATHS = (
					"$(inherited)",
					"@executable_path/Frameworks",
				);
				MARKETING_VERSION = 1.0;
				PRODUCT_BUNDLE_IDENTIFIER = com.nan.TheJanitorial1;
				PRODUCT_NAME = "$(TARGET_NAME)";
				SUPPORTED_PLATFORMS = "iphoneos iphonesimulator macosx";
				SUPPORTS_MACCATALYST = NO;
				SUPPORTS_MAC_DESIGNED_FOR_IPHONE_IPAD = YES;
				SWIFT_EMIT_LOC_STRINGS = YES;
				SWIFT_VERSION = 5.0;
				TARGETED_DEVICE_FAMILY = "1,2";
			};
			name = Release;
		};
/* End XCBuildConfiguration section */

/* Begin XCConfigurationList section */
		CACA6834298B071E00611D89 /* Build configuration list for PBXProject "TheJanitorial1" */ = {
			isa = XCConfigurationList;
			buildConfigurations = (
				CACA6845298B072000611D89 /* Debug */,
				CACA6846298B072000611D89 /* Release */,
			);
			defaultConfigurationIsVisible = 0;
			defaultConfigurationName = Release;
		};
		CACA6847298B072000611D89 /* Build configuration list for PBXNativeTarget "TheJanitorial1" */ = {
			isa = XCConfigurationList;
			buildConfigurations = (
				CACA6848298B072000611D89 /* Debug */,
				CACA6849298B072000611D89 /* Release */,
			);
			defaultConfigurationIsVisible = 0;
			defaultConfigurationName = Release;
		};
/* End XCConfigurationList section */

/* Begin XCRemoteSwiftPackageReference section */
		CACA684D298B08A100611D89 /* XCRemoteSwiftPackageReference "firebase-ios-sdk" */ = {
			isa = XCRemoteSwiftPackageReference;
			repositoryURL = "https://github.com/firebase/firebase-ios-sdk";
			requirement = {
				branch = master;
				kind = branch;
			};
		};
/* End XCRemoteSwiftPackageReference section */

/* Begin XCSwiftPackageProductDependency section */
		CA3C4F3029CA991500CCDF20 /* FirebaseFirestoreSwift */ = {
			isa = XCSwiftPackageProductDependency;
			package = CACA684D298B08A100611D89 /* XCRemoteSwiftPackageReference "firebase-ios-sdk" */;
			productName = FirebaseFirestoreSwift;
		};
		CACA684E298B08A100611D89 /* FirebaseAuth */ = {
			isa = XCSwiftPackageProductDependency;
			package = CACA684D298B08A100611D89 /* XCRemoteSwiftPackageReference "firebase-ios-sdk" */;
			productName = FirebaseAuth;
		};
		CACA6850298B08A100611D89 /* FirebaseDatabase */ = {
			isa = XCSwiftPackageProductDependency;
			package = CACA684D298B08A100611D89 /* XCRemoteSwiftPackageReference "firebase-ios-sdk" */;
			productName = FirebaseDatabase;
		};
		CACA6852298B08A100611D89 /* FirebaseFirestore */ = {
			isa = XCSwiftPackageProductDependency;
			package = CACA684D298B08A100611D89 /* XCRemoteSwiftPackageReference "firebase-ios-sdk" */;
			productName = FirebaseFirestore;
		};
		CACA6854298B08A100611D89 /* FirebaseStorage */ = {
			isa = XCSwiftPackageProductDependency;
			package = CACA684D298B08A100611D89 /* XCRemoteSwiftPackageReference "firebase-ios-sdk" */;
			productName = FirebaseStorage;
		};
/* End XCSwiftPackageProductDependency section */
	};
	rootObject = CACA6831298B071E00611D89 /* Project object */;
}
